
Microsoft Visual Studio Solution File, Format Version 12.00
Project("{FAE04EC0-301F-11D3-BF4B-00C04F79EFBC}") = "Giornale", "Giornale\Giornale.csproj", "{FA3C8AA8-0C0B-43A2-A10C-F7243A60D198}"
EndProject
Global
	GlobalSection(SolutionConfigurationPlatforms) = preSolution
		Debug|Any CPU = Debug|Any CPU
		Release|Any CPU = Release|Any CPU
	EndGlobalSection
	GlobalSection(ProjectConfigurationPlatforms) = postSolution
		{FA3C8AA8-0C0B-43A2-A10C-F7243A60D198}.Debug|Any CPU.ActiveCfg = Debug|Any CPU
		{FA3C8AA8-0C0B-43A2-A10C-F7243A60D198}.Debug|Any CPU.Build.0 = Debug|Any CPU
		{FA3C8AA8-0C0B-43A2-A10C-F7243A60D198}.Release|Any CPU.ActiveCfg = Release|Any CPU
		{FA3C8AA8-0C0B-43A2-A10C-F7243A60D198}.Release|Any CPU.Build.0 = Release|Any CPU
	EndGlobalSection
EndGlobal
